schema: '2.0'
stages:
  generate_data:
    cmd: python src/data/generate_data.py
    outs:
    - path: data/raw/customers.csv
      hash: md5
      md5: feacfe9a9881ecb152b7399d4ff3e0ba
      size: 66349
  build_features:
    cmd: python src/features/build_features.py
    deps:
    - path: data/raw/customers.csv
      hash: md5
      md5: feacfe9a9881ecb152b7399d4ff3e0ba
      size: 66349
    outs:
    - path: data/features/features.csv
      hash: md5
      md5: 4b7ec9051246f7fa2b5ed78c796014e5
      size: 92546
  train:
    cmd: python src/train/train_model.py
    deps:
    - path: data/features/features.csv
      hash: md5
      md5: 4b7ec9051246f7fa2b5ed78c796014e5
      size: 92546
    outs:
    - path: models/churn_model.pkl
      hash: md5
      md5: 9d7170393d0741c568cad5c5618c1567
      size: 890450
